
Microsoft Visual Studio Solution File, Format Version 12.00
# Visual Studio Version 17
VisualStudioVersion = 17.0.31903.59
MinimumVisualStudioVersion = 10.0.40219.1
Project("{9A19103F-16F7-4668-BE54-9A1E7A4F7556}") = "Domain", "Domain\Domain.csproj", "{8D9C9A43-1F72-4CE2-913E-2754113EB354}"
	ProjectSection(ProjectDependencies) = postProject
		{59E427FB-60B9-4F8E-B9C8-0479220FDA04} = {59E427FB-60B9-4F8E-B9C8-0479220FDA04}
	EndProjectSection
EndProject
Project("{9A19103F-16F7-4668-BE54-9A1E7A4F7556}") = "Application", "Application\Application.csproj", "{59E427FB-60B9-4F8E-B9C8-0479220FDA04}"
EndProject
Project("{9A19103F-16F7-4668-BE54-9A1E7A4F7556}") = "Infraestructure", "Infraestructure\Infraestructure.csproj", "{504A6DF1-9C5E-4170-8B9C-24AD371D2588}"
EndProject
Project("{9A19103F-16F7-4668-BE54-9A1E7A4F7556}") = "petrotest", "petrotest\petrotest.csproj", "{BEE8CBA8-5F54-478A-8C3D-FE82724E7845}"
EndProject
Global
	GlobalSection(SolutionConfigurationPlatforms) = preSolution
		Debug|Any CPU = Debug|Any CPU
		Release|Any CPU = Release|Any CPU
	EndGlobalSection
	GlobalSection(ProjectConfigurationPlatforms) = postSolution
		{8D9C9A43-1F72-4CE2-913E-2754113EB354}.Debug|Any CPU.ActiveCfg = Debug|Any CPU
		{8D9C9A43-1F72-4CE2-913E-2754113EB354}.Debug|Any CPU.Build.0 = Debug|Any CPU
		{8D9C9A43-1F72-4CE2-913E-2754113EB354}.Release|Any CPU.ActiveCfg = Release|Any CPU
		{8D9C9A43-1F72-4CE2-913E-2754113EB354}.Release|Any CPU.Build.0 = Release|Any CPU
		{59E427FB-60B9-4F8E-B9C8-0479220FDA04}.Debug|Any CPU.ActiveCfg = Debug|Any CPU
		{59E427FB-60B9-4F8E-B9C8-0479220FDA04}.Debug|Any CPU.Build.0 = Debug|Any CPU
		{59E427FB-60B9-4F8E-B9C8-0479220FDA04}.Release|Any CPU.ActiveCfg = Release|Any CPU
		{59E427FB-60B9-4F8E-B9C8-0479220FDA04}.Release|Any CPU.Build.0 = Release|Any CPU
		{504A6DF1-9C5E-4170-8B9C-24AD371D2588}.Debug|Any CPU.ActiveCfg = Debug|Any CPU
		{504A6DF1-9C5E-4170-8B9C-24AD371D2588}.Debug|Any CPU.Build.0 = Debug|Any CPU
		{504A6DF1-9C5E-4170-8B9C-24AD371D2588}.Release|Any CPU.ActiveCfg = Release|Any CPU
		{504A6DF1-9C5E-4170-8B9C-24AD371D2588}.Release|Any CPU.Build.0 = Release|Any CPU
		{BEE8CBA8-5F54-478A-8C3D-FE82724E7845}.Debug|Any CPU.ActiveCfg = Debug|Any CPU
		{BEE8CBA8-5F54-478A-8C3D-FE82724E7845}.Debug|Any CPU.Build.0 = Debug|Any CPU
		{BEE8CBA8-5F54-478A-8C3D-FE82724E7845}.Release|Any CPU.ActiveCfg = Release|Any CPU
		{BEE8CBA8-5F54-478A-8C3D-FE82724E7845}.Release|Any CPU.Build.0 = Release|Any CPU
	EndGlobalSection
	GlobalSection(SolutionProperties) = preSolution
		HideSolutionNode = FALSE
	EndGlobalSection
	GlobalSection(ExtensibilityGlobals) = postSolution
		SolutionGuid = {EDBE9D27-D76C-4517-B24B-E31FFF1AC84A}
	EndGlobalSection
EndGlobal
